
Microsoft Visual Studio Solution File, Format Version 12.00
# Visual Studio Version 17
VisualStudioVersion = 17.7.34018.315
MinimumVisualStudioVersion = 10.0.40219.1
Project("{9A19103F-16F7-4668-BE54-9A1E7A4F7556}") = "TheWhaddonShowAPI", "TheWhaddonShowAPI\TheWhaddonShowAPI.csproj", "{2ACCFAF8-AA7F-444D-932E-F18F77AA52E3}"
EndProject
Global
	GlobalSection(SolutionConfigurationPlatforms) = preSolution
		Debug|Any CPU = Debug|Any CPU
		Release|Any CPU = Release|Any CPU
	EndGlobalSection
	GlobalSection(ProjectConfigurationPlatforms) = postSolution
		{2ACCFAF8-AA7F-444D-932E-F18F77AA52E3}.Debug|Any CPU.ActiveCfg = Debug|Any CPU
		{2ACCFAF8-AA7F-444D-932E-F18F77AA52E3}.Debug|Any CPU.Build.0 = Debug|Any CPU
		{2ACCFAF8-AA7F-444D-932E-F18F77AA52E3}.Release|Any CPU.ActiveCfg = Release|Any CPU
		{2ACCFAF8-AA7F-444D-932E-F18F77AA52E3}.Release|Any CPU.Build.0 = Release|Any CPU
	EndGlobalSection
	GlobalSection(SolutionProperties) = preSolution
		HideSolutionNode = FALSE
	EndGlobalSection
	GlobalSection(ExtensibilityGlobals) = postSolution
		SolutionGuid = {D59EC963-7C44-4543-8317-729A5B4D11CB}
	EndGlobalSection
EndGlobal
